
Microsoft Visual Studio Solution File, Format Version 12.00
# Visual Studio Version 16
VisualStudioVersion = 16.0.29709.97
MinimumVisualStudioVersion = 10.0.40219.1
Project("{9A19103F-16F7-4668-BE54-9A1E7A4F7556}") = "PCConfiguration.Data", "PCCOnfiguration.Data\PCConfiguration.Data.csproj", "{C2641811-B1AE-4002-8149-C891A6EBFAC7}"
EndProject
Project("{9A19103F-16F7-4668-BE54-9A1E7A4F7556}") = "PCConfiguration.Core", "PCConfiguration.Core\PCConfiguration.Core.csproj", "{CD7208B2-543F-40A2-ACB6-CB27B8F55E02}"
EndProject
Project("{9A19103F-16F7-4668-BE54-9A1E7A4F7556}") = "PCConfiguration.Tests", "PCConfiguration.Tests\PCConfiguration.Tests.csproj", "{D6B679BF-5E10-4B08-A60A-9BAFEEFA15AA}"
EndProject
Project("{9A19103F-16F7-4668-BE54-9A1E7A4F7556}") = "PCConfiguration.Client", "PCConfiguration.Client\PCConfiguration.Client.csproj", "{08C3DA5C-4E41-4843-86BA-642E0E7B2794}"
EndProject
Global
	GlobalSection(SolutionConfigurationPlatforms) = preSolution
		Debug|Any CPU = Debug|Any CPU
		Release|Any CPU = Release|Any CPU
	EndGlobalSection
	GlobalSection(ProjectConfigurationPlatforms) = postSolution
		{C2641811-B1AE-4002-8149-C891A6EBFAC7}.Debug|Any CPU.ActiveCfg = Debug|Any CPU
		{C2641811-B1AE-4002-8149-C891A6EBFAC7}.Debug|Any CPU.Build.0 = Debug|Any CPU
		{C2641811-B1AE-4002-8149-C891A6EBFAC7}.Release|Any CPU.ActiveCfg = Release|Any CPU
		{C2641811-B1AE-4002-8149-C891A6EBFAC7}.Release|Any CPU.Build.0 = Release|Any CPU
		{CD7208B2-543F-40A2-ACB6-CB27B8F55E02}.Debug|Any CPU.ActiveCfg = Debug|Any CPU
		{CD7208B2-543F-40A2-ACB6-CB27B8F55E02}.Debug|Any CPU.Build.0 = Debug|Any CPU
		{CD7208B2-543F-40A2-ACB6-CB27B8F55E02}.Release|Any CPU.ActiveCfg = Release|Any CPU
		{CD7208B2-543F-40A2-ACB6-CB27B8F55E02}.Release|Any CPU.Build.0 = Release|Any CPU
		{D6B679BF-5E10-4B08-A60A-9BAFEEFA15AA}.Debug|Any CPU.ActiveCfg = Debug|Any CPU
		{D6B679BF-5E10-4B08-A60A-9BAFEEFA15AA}.Debug|Any CPU.Build.0 = Debug|Any CPU
		{D6B679BF-5E10-4B08-A60A-9BAFEEFA15AA}.Release|Any CPU.ActiveCfg = Release|Any CPU
		{D6B679BF-5E10-4B08-A60A-9BAFEEFA15AA}.Release|Any CPU.Build.0 = Release|Any CPU
		{08C3DA5C-4E41-4843-86BA-642E0E7B2794}.Debug|Any CPU.ActiveCfg = Debug|Any CPU
		{08C3DA5C-4E41-4843-86BA-642E0E7B2794}.Debug|Any CPU.Build.0 = Debug|Any CPU
		{08C3DA5C-4E41-4843-86BA-642E0E7B2794}.Release|Any CPU.ActiveCfg = Release|Any CPU
		{08C3DA5C-4E41-4843-86BA-642E0E7B2794}.Release|Any CPU.Build.0 = Release|Any CPU
	EndGlobalSection
	GlobalSection(SolutionProperties) = preSolution
		HideSolutionNode = FALSE
	EndGlobalSection
	GlobalSection(ExtensibilityGlobals) = postSolution
		SolutionGuid = {8A8A0A2A-4107-43E3-B872-AA6B990A8A18}
	EndGlobalSection
EndGlobal
